// !$*UTF8*$!
{
	archiveVersion = 1;
	classes = {
	};
	objectVersion = 46;
	objects = {

/* Begin PBXBuildFile section */
		F901EF23219980AB007C6E50 /* AppDelegate.swift in Sources */ = {isa = PBXBuildFile; fileRef = F901EF22219980AB007C6E50 /* AppDelegate.swift */; };
		F901EF25219980AB007C6E50 /* ViewController.swift in Sources */ = {isa = PBXBuildFile; fileRef = F901EF24219980AB007C6E50 /* ViewController.swift */; };
		F901EF2D219980AB007C6E50 /* LaunchScreen.storyboard in Resources */ = {isa = PBXBuildFile; fileRef = F901EF2B219980AB007C6E50 /* LaunchScreen.storyboard */; };
		F901EF38219980AC007C6E50 /* WeatherSwiftTests.swift in Sources */ = {isa = PBXBuildFile; fileRef = F901EF37219980AC007C6E50 /* WeatherSwiftTests.swift */; };
		F937ECAE21AAAEFB004E267B /* Assets.xcassets in Resources */ = {isa = PBXBuildFile; fileRef = F937ECAD21AAAEFB004E267B /* Assets.xcassets */; };
		F95E627421A37E1600590F9E /* NewViewController.swift in Sources */ = {isa = PBXBuildFile; fileRef = F95E627321A37E1600590F9E /* NewViewController.swift */; };
		F95E627521A37E2400590F9E /* Main.storyboard in Resources */ = {isa = PBXBuildFile; fileRef = F901EF26219980AB007C6E50 /* Main.storyboard */; };
/* End PBXBuildFile section */

/* Begin PBXContainerItemProxy section */
		F901EF34219980AC007C6E50 /* PBXContainerItemProxy */ = {
			isa = PBXContainerItemProxy;
			containerPortal = F901EF17219980AB007C6E50 /* Project object */;
			proxyType = 1;
			remoteGlobalIDString = F901EF1E219980AB007C6E50;
			remoteInfo = WeatherSwift;
		};
/* End PBXContainerItemProxy section */

/* Begin PBXFileReference section */
		F901EF1F219980AB007C6E50 /* WeatherSwift.app */ = {isa = PBXFileReference; explicitFileType = wrapper.application; includeInIndex = 0; path = WeatherSwift.app; sourceTree = BUILT_PRODUCTS_DIR; };
		F901EF22219980AB007C6E50 /* AppDelegate.swift */ = {isa = PBXFileReference; lastKnownFileType = sourcecode.swift; path = AppDelegate.swift; sourceTree = "<group>"; };
		F901EF24219980AB007C6E50 /* ViewController.swift */ = {isa = PBXFileReference; lastKnownFileType = sourcecode.swift; path = ViewController.swift; sourceTree = "<group>"; };
		F901EF27219980AB007C6E50 /* Base */ = {isa = PBXFileReference; lastKnownFileType = file.storyboard; name = Base; path = Base.lproj/Main.storyboard; sourceTree = "<group>"; };
		F901EF2C219980AB007C6E50 /* Base */ = {isa = PBXFileReference; lastKnownFileType = file.storyboard; name = Base; path = Base.lproj/LaunchScreen.storyboard; sourceTree = "<group>"; };
		F901EF2E219980AB007C6E50 /* Info.plist */ = {isa = PBXFileReference; lastKnownFileType = text.plist.xml; path = Info.plist; sourceTree = "<group>"; };
		F901EF33219980AC007C6E50 /* WeatherSwiftTests.xctest */ = {isa = PBXFileReference; explicitFileType = wrapper.cfbundle; includeInIndex = 0; path = WeatherSwiftTests.xctest; sourceTree = BUILT_PRODUCTS_DIR; };
		F901EF37219980AC007C6E50 /* WeatherSwiftTests.swift */ = {isa = PBXFileReference; lastKnownFileType = sourcecode.swift; path = WeatherSwiftTests.swift; sourceTree = "<group>"; };
		F901EF39219980AC007C6E50 /* Info.plist */ = {isa = PBXFileReference; lastKnownFileType = text.plist.xml; path = Info.plist; sourceTree = "<group>"; };
		F937ECAD21AAAEFB004E267B /* Assets.xcassets */ = {isa = PBXFileReference; lastKnownFileType = folder.assetcatalog; path = Assets.xcassets; sourceTree = "<group>"; };
		F95E627321A37E1600590F9E /* NewViewController.swift */ = {isa = PBXFileReference; fileEncoding = 4; lastKnownFileType = sourcecode.swift; path = NewViewController.swift; sourceTree = "<group>"; };
		F9D813FB21B742DF000A9ECF /* my.json */ = {isa = PBXFileReference; lastKnownFileType = text.json; path = my.json; sourceTree = "<group>"; };
/* End PBXFileReference section */

/* Begin PBXFrameworksBuildPhase section */
		F901EF1C219980AB007C6E50 /* Frameworks */ = {
			isa = PBXFrameworksBuildPhase;
			buildActionMask = 2147483647;
			files = (
			);
			runOnlyForDeploymentPostprocessing = 0;
		};
		F901EF30219980AC007C6E50 /* Frameworks */ = {
			isa = PBXFrameworksBuildPhase;
			buildActionMask = 2147483647;
			files = (
			);
			runOnlyForDeploymentPostprocessing = 0;
		};
/* End PBXFrameworksBuildPhase section */

/* Begin PBXGroup section */
		F901EF16219980AB007C6E50 = {
			isa = PBXGroup;
			children = (
				F901EF21219980AB007C6E50 /* WeatherSwift */,
				F901EF36219980AC007C6E50 /* WeatherSwiftTests */,
				F901EF20219980AB007C6E50 /* Products */,
			);
			sourceTree = "<group>";
		};
		F901EF20219980AB007C6E50 /* Products */ = {
			isa = PBXGroup;
			children = (
				F901EF1F219980AB007C6E50 /* WeatherSwift.app */,
				F901EF33219980AC007C6E50 /* WeatherSwiftTests.xctest */,
			);
			name = Products;
			sourceTree = "<group>";
		};
		F901EF21219980AB007C6E50 /* WeatherSwift */ = {
			isa = PBXGroup;
			children = (
				F937ECAD21AAAEFB004E267B /* Assets.xcassets */,
				F901EF22219980AB007C6E50 /* AppDelegate.swift */,
				F901EF24219980AB007C6E50 /* ViewController.swift */,
				F901EF26219980AB007C6E50 /* Main.storyboard */,
				F901EF2B219980AB007C6E50 /* LaunchScreen.storyboard */,
				F901EF2E219980AB007C6E50 /* Info.plist */,
				F95E627321A37E1600590F9E /* NewViewController.swift */,
				F9D813FB21B742DF000A9ECF /* my.json */,
			);
			path = WeatherSwift;
			sourceTree = "<group>";
		};
		F901EF36219980AC007C6E50 /* WeatherSwiftTests */ = {
			isa = PBXGroup;
			children = (
				F901EF37219980AC007C6E50 /* WeatherSwiftTests.swift */,
				F901EF39219980AC007C6E50 /* Info.plist */,
			);
			path = WeatherSwiftTests;
			sourceTree = "<group>";
		};
/* End PBXGroup section */

/* Begin PBXNativeTarget section */
		F901EF1E219980AB007C6E50 /* WeatherSwift */ = {
			isa = PBXNativeTarget;
			buildConfigurationList = F901EF3C219980AC007C6E50 /* Build configuration list for PBXNativeTarget "WeatherSwift" */;
			buildPhases = (
				F901EF1B219980AB007C6E50 /* Sources */,
				F901EF1C219980AB007C6E50 /* Frameworks */,
				F901EF1D219980AB007C6E50 /* Resources */,
			);
			buildRules = (
			);
			dependencies = (
			);
			name = WeatherSwift;
			productName = WeatherSwift;
			productReference = F901EF1F219980AB007C6E50 /* WeatherSwift.app */;
			productType = "com.apple.product-type.application";
		};
		F901EF32219980AC007C6E50 /* WeatherSwiftTests */ = {
			isa = PBXNativeTarget;
			buildConfigurationList = F901EF3F219980AC007C6E50 /* Build configuration list for PBXNativeTarget "WeatherSwiftTests" */;
			buildPhases = (
				F901EF2F219980AC007C6E50 /* Sources */,
				F901EF30219980AC007C6E50 /* Frameworks */,
				F901EF31219980AC007C6E50 /* Resources */,
			);
			buildRules = (
			);
			dependencies = (
				F901EF35219980AC007C6E50 /* PBXTargetDependency */,
			);
			name = WeatherSwiftTests;
			productName = WeatherSwiftTests;
			productReference = F901EF33219980AC007C6E50 /* WeatherSwiftTests.xctest */;
			productType = "com.apple.product-type.bundle.unit-test";
		};
/* End PBXNativeTarget section */

/* Begin PBXProject section */
		F901EF17219980AB007C6E50 /* Project object */ = {
			isa = PBXProject;
			attributes = {
				LastSwiftUpdateCheck = 0830;
				LastUpgradeCheck = 0920;
				ORGANIZATIONNAME = "Makcim Mikhailov";
				TargetAttributes = {
					F901EF1E219980AB007C6E50 = {
						CreatedOnToolsVersion = 8.3.1;
						DevelopmentTeam = WL97D5DF35;
						LastSwiftMigration = 0920;
						ProvisioningStyle = Automatic;
					};
					F901EF32219980AC007C6E50 = {
						CreatedOnToolsVersion = 8.3.1;
						DevelopmentTeam = WL97D5DF35;
						LastSwiftMigration = 0920;
						ProvisioningStyle = Automatic;
						TestTargetID = F901EF1E219980AB007C6E50;
					};
				};
			};
			buildConfigurationList = F901EF1A219980AB007C6E50 /* Build configuration list for PBXProject "WeatherSwift" */;
			compatibilityVersion = "Xcode 3.2";
			developmentRegion = English;
			hasScannedForEncodings = 0;
			knownRegions = (
				en,
				Base,
			);
			mainGroup = F901EF16219980AB007C6E50;
			productRefGroup = F901EF20219980AB007C6E50 /* Products */;
			projectDirPath = "";
			projectRoot = "";
			targets = (
				F901EF1E219980AB007C6E50 /* WeatherSwift */,
				F901EF32219980AC007C6E50 /* WeatherSwiftTests */,
			);
		};
/* End PBXProject section */

/* Begin PBXResourcesBuildPhase section */
		F901EF1D219980AB007C6E50 /* Resources */ = {
			isa = PBXResourcesBuildPhase;
			buildActionMask = 2147483647;
			files = (
				F95E627521A37E2400590F9E /* Main.storyboard in Resources */,
				F937ECAE21AAAEFB004E267B /* Assets.xcassets in Resources */,
				F901EF2D219980AB007C6E50 /* LaunchScreen.storyboard in Resources */,
			);
			runOnlyForDeploymentPostprocessing = 0;
		};
		F901EF31219980AC007C6E50 /* Resources */ = {
			isa = PBXResourcesBuildPhase;
			buildActionMask = 2147483647;
			files = (
			);
			runOnlyForDeploymentPostprocessing = 0;
		};
/* End PBXResourcesBuildPhase section */

/* Begin PBXSourcesBuildPhase section */
		F901EF1B219980AB007C6E50 /* Sources */ = {
			isa = PBXSourcesBuildPhase;
			buildActionMask = 2147483647;
			files = (
				F95E627421A37E1600590F9E /* NewViewController.swift in Sources */,
				F901EF25219980AB007C6E50 /* ViewController.swift in Sources */,
				F901EF23219980AB007C6E50 /* AppDelegate.swift in Sources */,
			);
			runOnlyForDeploymentPostprocessing = 0;
		};
		F901EF2F219980AC007C6E50 /* Sources */ = {
			isa = PBXSourcesBuildPhase;
			buildActionMask = 2147483647;
			files = (
				F901EF38219980AC007C6E50 /* WeatherSwiftTests.swift in Sources */,
			);
			runOnlyForDeploymentPostprocessing = 0;
		};
/* End PBXSourcesBuildPhase section */

/* Begin PBXTargetDependency section */
		F901EF35219980AC007C6E50 /* PBXTargetDependency */ = {
			isa = PBXTargetDependency;
			target = F901EF1E219980AB007C6E50 /* WeatherSwift */;
			targetProxy = F901EF34219980AC007C6E50 /* PBXContainerItemProxy */;
		};
/* End PBXTargetDependency section */

/* Begin PBXVariantGroup section */
		F901EF26219980AB007C6E50 /* Main.storyboard */ = {
			isa = PBXVariantGroup;
			children = (
				F901EF27219980AB007C6E50 /* Base */,
			);
			name = Main.storyboard;
			sourceTree = "<group>";
		};
		F901EF2B219980AB007C6E50 /* LaunchScreen.storyboard */ = {
			isa = PBXVariantGroup;
			children = (
				F901EF2C219980AB007C6E50 /* Base */,
			);
			name = LaunchScreen.storyboard;
			sourceTree = "<group>";
		};
/* End PBXVariantGroup section */

/* Begin XCBuildConfiguration section */
		F901EF3A219980AC007C6E50 /* Debug */ = {
			isa = XCBuildConfiguration;
			buildSettings = {
				ALWAYS_SEARCH_USER_PATHS = NO;
				CLANG_ANALYZER_NONNULL = YES;
				CLANG_ANALYZER_NUMBER_OBJECT_CONVERSION = YES_AGGRESSIVE;
				CLANG_CXX_LANGUAGE_STANDARD = "gnu++0x";
				CLANG_CXX_LIBRARY = "libc++";
				CLANG_ENABLE_MODULES = YES;
				CLANG_ENABLE_OBJC_ARC = YES;
				CLANG_WARN_BLOCK_CAPTURE_AUTORELEASING = YES;
				CLANG_WARN_BOOL_CONVERSION = YES;
				CLANG_WARN_COMMA = YES;
				CLANG_WARN_CONSTANT_CONVERSION = YES;
				CLANG_WARN_DIRECT_OBJC_ISA_USAGE = YES_ERROR;
				CLANG_WARN_DOCUMENTATION_COMMENTS = YES;
				CLANG_WARN_EMPTY_BODY = YES;
				CLANG_WARN_ENUM_CONVERSION = YES;
				CLANG_WARN_INFINITE_RECURSION = YES;
				CLANG_WARN_INT_CONVERSION = YES;
				CLANG_WARN_NON_LITERAL_NULL_CONVERSION = YES;
				CLANG_WARN_OBJC_LITERAL_CONVERSION = YES;
				CLANG_WARN_OBJC_ROOT_CLASS = YES_ERROR;
				CLANG_WARN_RANGE_LOOP_ANALYSIS = YES;
				CLANG_WARN_STRICT_PROTOTYPES = YES;
				CLANG_WARN_SUSPICIOUS_MOVE = YES;
				CLANG_WARN_UNREACHABLE_CODE = YES;
				CLANG_WARN__DUPLICATE_METHOD_MATCH = YES;
				"CODE_SIGN_IDENTITY[sdk=iphoneos*]" = "iPhone Developer";
				COPY_PHASE_STRIP = NO;
				DEBUG_INFORMATION_FORMAT = dwarf;
				ENABLE_STRICT_OBJC_MSGSEND = YES;
				ENABLE_TESTABILITY = YES;
				GCC_C_LANGUAGE_STANDARD = gnu99;
				GCC_DYNAMIC_NO_PIC = NO;
				GCC_NO_COMMON_BLOCKS = YES;
				GCC_OPTIMIZATION_LEVEL = 0;
				GCC_PREPROCESSOR_DEFINITIONS = (
					"DEBUG=1",
					"$(inherited)",
				);
				GCC_WARN_64_TO_32_BIT_CONVERSION = YES;
				GCC_WARN_ABOUT_RETURN_TYPE = YES_ERROR;
				GCC_WARN_UNDECLARED_SELECTOR = YES;
				GCC_WARN_UNINITIALIZED_AUTOS = YES_AGGRESSIVE;
				GCC_WARN_UNUSED_FUNCTION = YES;
				GCC_WARN_UNUSED_VARIABLE = YES;
				IPHONEOS_DEPLOYMENT_TARGET = 10.3;
				MTL_ENABLE_DEBUG_INFO = YES;
				ONLY_ACTIVE_ARCH = YES;
				SDKROOT = iphoneos;
				SWIFT_ACTIVE_COMPILATION_CONDITIONS = DEBUG;
				SWIFT_OPTIMIZATION_LEVEL = "-Onone";
			};
			name = Debug;
		};
		F901EF3B219980AC007C6E50 /* Release */ = {
			isa = XCBuildConfiguration;
			buildSettings = {
				ALWAYS_SEARCH_USER_PATHS = NO;
				CLANG_ANALYZER_NONNULL = YES;
				CLANG_ANALYZER_NUMBER_OBJECT_CONVERSION = YES_AGGRESSIVE;
				CLANG_CXX_LANGUAGE_STANDARD = "gnu++0x";
				CLANG_CXX_LIBRARY = "libc++";
				CLANG_ENABLE_MODULES = YES;
				CLANG_ENABLE_OBJC_ARC = YES;
				CLANG_WARN_BLOCK_CAPTURE_AUTORELEASING = YES;
				CLANG_WARN_BOOL_CONVERSION = YES;
				CLANG_WARN_COMMA = YES;
				CLANG_WARN_CONSTANT_CONVERSION = YES;
				CLANG_WARN_DIRECT_OBJC_ISA_USAGE = YES_ERROR;
				CLANG_WARN_DOCUMENTATION_COMMENTS = YES;
				CLANG_WARN_EMPTY_BODY = YES;
				CLANG_WARN_ENUM_CONVERSION = YES;
				CLANG_WARN_INFINITE_RECURSION = YES;
				CLANG_WARN_INT_CONVERSION = YES;
				CLANG_WARN_NON_LITERAL_NULL_CONVERSION = YES;
				CLANG_WARN_OBJC_LITERAL_CONVERSION = YES;
				CLANG_WARN_OBJC_ROOT_CLASS = YES_ERROR;
				CLANG_WARN_RANGE_LOOP_ANALYSIS = YES;
				CLANG_WARN_STRICT_PROTOTYPES = YES;
				CLANG_WARN_SUSPICIOUS_MOVE = YES;
				CLANG_WARN_UNREACHABLE_CODE = YES;
				CLANG_WARN__DUPLICATE_METHOD_MATCH = YES;
				"CODE_SIGN_IDENTITY[sdk=iphoneos*]" = "iPhone Developer";
				COPY_PHASE_STRIP = NO;
				DEBUG_INFORMATION_FORMAT = "dwarf-with-dsym";
				ENABLE_NS_ASSERTIONS = NO;
				ENABLE_STRICT_OBJC_MSGSEND = YES;
				GCC_C_LANGUAGE_STANDARD = gnu99;
				GCC_NO_COMMON_BLOCKS = YES;
				GCC_WARN_64_TO_32_BIT_CONVERSION = YES;
				GCC_WARN_ABOUT_RETURN_TYPE = YES_ERROR;
				GCC_WARN_UNDECLARED_SELECTOR = YES;
				GCC_WARN_UNINITIALIZED_AUTOS = YES_AGGRESSIVE;
				GCC_WARN_UNUSED_FUNCTION = YES;
				GCC_WARN_UNUSED_VARIABLE = YES;
				IPHONEOS_DEPLOYMENT_TARGET = 10.3;
				MTL_ENABLE_DEBUG_INFO = NO;
				SDKROOT = iphoneos;
				SWIFT_OPTIMIZATION_LEVEL = "-Owholemodule";
				VALIDATE_PRODUCT = YES;
			};
			name = Release;
		};
		F901EF3D219980AC007C6E50 /* Debug */ = {
			isa = XCBuildConfiguration;
			buildSettings = {
				ASSETCATALOG_COMPILER_APPICON_NAME = AppIcon;
				DEVELOPMENT_TEAM = WL97D5DF35;
				INFOPLIST_FILE = WeatherSwift/Info.plist;
				LD_RUNPATH_SEARCH_PATHS = "$(inherited) @executable_path/Frameworks";
				PRODUCT_BUNDLE_IDENTIFIER = Home.WeatherSwift;
				PRODUCT_NAME = "$(TARGET_NAME)";
				SWIFT_SWIFT3_OBJC_INFERENCE = On;
				SWIFT_VERSION = 4.0;
			};
			name = Debug;
		};
		F901EF3E219980AC007C6E50 /* Release */ = {
			isa = XCBuildConfiguration;
			buildSettings = {
				ASSETCATALOG_COMPILER_APPICON_NAME = AppIcon;
				DEVELOPMENT_TEAM = WL97D5DF35;
				INFOPLIST_FILE = WeatherSwift/Info.plist;
				LD_RUNPATH_SEARCH_PATHS = "$(inherited) @executable_path/Frameworks";
				PRODUCT_BUNDLE_IDENTIFIER = Home.WeatherSwift;
				PRODUCT_NAME = "$(TARGET_NAME)";
				SWIFT_SWIFT3_OBJC_INFERENCE = On;
				SWIFT_VERSION = 4.0;
			};
			name = Release;
		};
		F901EF40219980AC007C6E50 /* Debug */ = {
			isa = XCBuildConfiguration;
			buildSettings = {
				ALWAYS_EMBED_SWIFT_STANDARD_LIBRARIES = YES;
				BUNDLE_LOADER = "$(TEST_HOST)";
				DEVELOPMENT_TEAM = WL97D5DF35;
				INFOPLIST_FILE = WeatherSwiftTests/Info.plist;
				LD_RUNPATH_SEARCH_PATHS = "$(inherited) @executable_path/Frameworks @loader_path/Frameworks";
				PRODUCT_BUNDLE_IDENTIFIER = Home.WeatherSwiftTests;
				PRODUCT_NAME = "$(TARGET_NAME)";
				SWIFT_SWIFT3_OBJC_INFERENCE = On;
				SWIFT_VERSION = 4.0;
				TEST_HOST = "$(BUILT_PRODUCTS_DIR)/WeatherSwift.app/WeatherSwift";
			};
			name = Debug;
		};
		F901EF41219980AC007C6E50 /* Release */ = {
			isa = XCBuildConfiguration;
			buildSettings = {
				ALWAYS_EMBED_SWIFT_STANDARD_LIBRARIES = YES;
				BUNDLE_LOADER = "$(TEST_HOST)";
				DEVELOPMENT_TEAM = WL97D5DF35;
				INFOPLIST_FILE = WeatherSwiftTests/Info.plist;
				LD_RUNPATH_SEARCH_PATHS = "$(inherited) @executable_path/Frameworks @loader_path/Frameworks";
				PRODUCT_BUNDLE_IDENTIFIER = Home.WeatherSwiftTests;
				PRODUCT_NAME = "$(TARGET_NAME)";
				SWIFT_SWIFT3_OBJC_INFERENCE = On;
				SWIFT_VERSION = 4.0;
				TEST_HOST = "$(BUILT_PRODUCTS_DIR)/WeatherSwift.app/WeatherSwift";
			};
			name = Release;
		};
/* End XCBuildConfiguration section */

/* Begin XCConfigurationList section */
		F901EF1A219980AB007C6E50 /* Build configuration list for PBXProject "WeatherSwift" */ = {
			isa = XCConfigurationList;
			buildConfigurations = (
				F901EF3A219980AC007C6E50 /* Debug */,
				F901EF3B219980AC007C6E50 /* Release */,
			);
			defaultConfigurationIsVisible = 0;
			defaultConfigurationName = Release;
		};
		F901EF3C219980AC007C6E50 /* Build configuration list for PBXNativeTarget "WeatherSwift" */ = {
			isa = XCConfigurationList;
			buildConfigurations = (
				F901EF3D219980AC007C6E50 /* Debug */,
				F901EF3E219980AC007C6E50 /* Release */,
			);
			defaultConfigurationIsVisible = 0;
			defaultConfigurationName = Release;
		};
		F901EF3F219980AC007C6E50 /* Build configuration list for PBXNativeTarget "WeatherSwiftTests" */ = {
			isa = XCConfigurationList;
			buildConfigurations = (
				F901EF40219980AC007C6E50 /* Debug */,
				F901EF41219980AC007C6E50 /* Release */,
			);
			defaultConfigurationIsVisible = 0;
			defaultConfigurationName = Release;
		};
/* End XCConfigurationList section */
	};
	rootObject = F901EF17219980AB007C6E50 /* Project object */;
}
